// !$*UTF8*$!
{
	archiveVersion = 1;
	classes = {
	};
	objectVersion = 50;
	objects = {

/* Begin PBXBuildFile section */
		7B861CF02406B37A0027A956 /* AppDelegate.swift in Sources */ = {isa = PBXBuildFile; fileRef = 7B861CEF2406B37A0027A956 /* AppDelegate.swift */; };
		7B861CF22406B37A0027A956 /* SceneDelegate.swift in Sources */ = {isa = PBXBuildFile; fileRef = 7B861CF12406B37A0027A956 /* SceneDelegate.swift */; };
		7B861CF42406B37A0027A956 /* ViewController.swift in Sources */ = {isa = PBXBuildFile; fileRef = 7B861CF32406B37A0027A956 /* ViewController.swift */; };
		7B861CFA2406B37A0027A956 /* ButtonUtterance.xcdatamodeld in Sources */ = {isa = PBXBuildFile; fileRef = 7B861CF82406B37A0027A956 /* ButtonUtterance.xcdatamodeld */; };
		7B861CFC2406B37D0027A956 /* Assets.xcassets in Resources */ = {isa = PBXBuildFile; fileRef = 7B861CFB2406B37D0027A956 /* Assets.xcassets */; };
		7B861CFF2406B37D0027A956 /* LaunchScreen.storyboard in Resources */ = {isa = PBXBuildFile; fileRef = 7B861CFD2406B37D0027A956 /* LaunchScreen.storyboard */; };
		7B861D0A2406B37D0027A956 /* ButtonUtteranceTests.swift in Sources */ = {isa = PBXBuildFile; fileRef = 7B861D092406B37D0027A956 /* ButtonUtteranceTests.swift */; };
		7B861D152406B37D0027A956 /* ButtonUtteranceUITests.swift in Sources */ = {isa = PBXBuildFile; fileRef = 7B861D142406B37D0027A956 /* ButtonUtteranceUITests.swift */; };
		7B861D232406BFDF0027A956 /* TouchButton.swift in Sources */ = {isa = PBXBuildFile; fileRef = 7B861D222406BFDF0027A956 /* TouchButton.swift */; };
		7B903D3A2407B1B500B7D3BB /* Speech.swift in Sources */ = {isa = PBXBuildFile; fileRef = 7B903D392407B1B500B7D3BB /* Speech.swift */; };
		7B903D3E2407E4D600B7D3BB /* Extension.swift in Sources */ = {isa = PBXBuildFile; fileRef = 7B903D3D2407E4D600B7D3BB /* Extension.swift */; };
		7B903D402407EC9B00B7D3BB /* AccessibilityViewController.swift in Sources */ = {isa = PBXBuildFile; fileRef = 7B903D3F2407EC9B00B7D3BB /* AccessibilityViewController.swift */; };
		7B903D422407FE0400B7D3BB /* AccessibilityButton.swift in Sources */ = {isa = PBXBuildFile; fileRef = 7B903D412407FE0400B7D3BB /* AccessibilityButton.swift */; };
/* End PBXBuildFile section */

/* Begin PBXContainerItemProxy section */
		7B861D062406B37D0027A956 /* PBXContainerItemProxy */ = {
			isa = PBXContainerItemProxy;
			containerPortal = 7B861CE42406B37A0027A956 /* Project object */;
			proxyType = 1;
			remoteGlobalIDString = 7B861CEB2406B37A0027A956;
			remoteInfo = ButtonUtterance;
		};
		7B861D112406B37D0027A956 /* PBXContainerItemProxy */ = {
			isa = PBXContainerItemProxy;
			containerPortal = 7B861CE42406B37A0027A956 /* Project object */;
			proxyType = 1;
			remoteGlobalIDString = 7B861CEB2406B37A0027A956;
			remoteInfo = ButtonUtterance;
		};
/* End PBXContainerItemProxy section */

/* Begin PBXFileReference section */
		7B861CEC2406B37A0027A956 /* ButtonUtterance.app */ = {isa = PBXFileReference; explicitFileType = wrapper.application; includeInIndex = 0; path = ButtonUtterance.app; sourceTree = BUILT_PRODUCTS_DIR; };
		7B861CEF2406B37A0027A956 /* AppDelegate.swift */ = {isa = PBXFileReference; lastKnownFileType = sourcecode.swift; path = AppDelegate.swift; sourceTree = "<group>"; };
		7B861CF12406B37A0027A956 /* SceneDelegate.swift */ = {isa = PBXFileReference; lastKnownFileType = sourcecode.swift; path = SceneDelegate.swift; sourceTree = "<group>"; };
		7B861CF32406B37A0027A956 /* ViewController.swift */ = {isa = PBXFileReference; lastKnownFileType = sourcecode.swift; path = ViewController.swift; sourceTree = "<group>"; };
		7B861CF92406B37A0027A956 /* ButtonUtterance.xcdatamodel */ = {isa = PBXFileReference; lastKnownFileType = wrapper.xcdatamodel; path = ButtonUtterance.xcdatamodel; sourceTree = "<group>"; };
		7B861CFB2406B37D0027A956 /* Assets.xcassets */ = {isa = PBXFileReference; lastKnownFileType = folder.assetcatalog; path = Assets.xcassets; sourceTree = "<group>"; };
		7B861CFE2406B37D0027A956 /* Base */ = {isa = PBXFileReference; lastKnownFileType = file.storyboard; name = Base; path = Base.lproj/LaunchScreen.storyboard; sourceTree = "<group>"; };
		7B861D002406B37D0027A956 /* Info.plist */ = {isa = PBXFileReference; lastKnownFileType = text.plist.xml; path = Info.plist; sourceTree = "<group>"; };
		7B861D052406B37D0027A956 /* ButtonUtteranceTests.xctest */ = {isa = PBXFileReference; explicitFileType = wrapper.cfbundle; includeInIndex = 0; path = ButtonUtteranceTests.xctest; sourceTree = BUILT_PRODUCTS_DIR; };
		7B861D092406B37D0027A956 /* ButtonUtteranceTests.swift */ = {isa = PBXFileReference; lastKnownFileType = sourcecode.swift; path = ButtonUtteranceTests.swift; sourceTree = "<group>"; };
		7B861D0B2406B37D0027A956 /* Info.plist */ = {isa = PBXFileReference; lastKnownFileType = text.plist.xml; path = Info.plist; sourceTree = "<group>"; };
		7B861D102406B37D0027A956 /* ButtonUtteranceUITests.xctest */ = {isa = PBXFileReference; explicitFileType = wrapper.cfbundle; includeInIndex = 0; path = ButtonUtteranceUITests.xctest; sourceTree = BUILT_PRODUCTS_DIR; };
		7B861D142406B37D0027A956 /* ButtonUtteranceUITests.swift */ = {isa = PBXFileReference; lastKnownFileType = sourcecode.swift; path = ButtonUtteranceUITests.swift; sourceTree = "<group>"; };
		7B861D162406B37D0027A956 /* Info.plist */ = {isa = PBXFileReference; lastKnownFileType = text.plist.xml; path = Info.plist; sourceTree = "<group>"; };
		7B861D222406BFDF0027A956 /* TouchButton.swift */ = {isa = PBXFileReference; lastKnownFileType = sourcecode.swift; path = TouchButton.swift; sourceTree = "<group>"; };
		7B903D392407B1B500B7D3BB /* Speech.swift */ = {isa = PBXFileReference; lastKnownFileType = sourcecode.swift; path = Speech.swift; sourceTree = "<group>"; };
		7B903D3D2407E4D600B7D3BB /* Extension.swift */ = {isa = PBXFileReference; lastKnownFileType = sourcecode.swift; path = Extension.swift; sourceTree = "<group>"; };
		7B903D3F2407EC9B00B7D3BB /* AccessibilityViewController.swift */ = {isa = PBXFileReference; lastKnownFileType = sourcecode.swift; path = AccessibilityViewController.swift; sourceTree = "<group>"; };
		7B903D412407FE0400B7D3BB /* AccessibilityButton.swift */ = {isa = PBXFileReference; lastKnownFileType = sourcecode.swift; path = AccessibilityButton.swift; sourceTree = "<group>"; };
/* End PBXFileReference section */

/* Begin PBXFrameworksBuildPhase section */
		7B861CE92406B37A0027A956 /* Frameworks */ = {
			isa = PBXFrameworksBuildPhase;
			buildActionMask = 2147483647;
			files = (
			);
			runOnlyForDeploymentPostprocessing = 0;
		};
		7B861D022406B37D0027A956 /* Frameworks */ = {
			isa = PBXFrameworksBuildPhase;
			buildActionMask = 2147483647;
			files = (
			);
			runOnlyForDeploymentPostprocessing = 0;
		};
		7B861D0D2406B37D0027A956 /* Frameworks */ = {
			isa = PBXFrameworksBuildPhase;
			buildActionMask = 2147483647;
			files = (
			);
			runOnlyForDeploymentPostprocessing = 0;
		};
/* End PBXFrameworksBuildPhase section */

/* Begin PBXGroup section */
		7B861CE32406B37A0027A956 = {
			isa = PBXGroup;
			children = (
				7B861CEE2406B37A0027A956 /* ButtonUtterance */,
				7B861D082406B37D0027A956 /* ButtonUtteranceTests */,
				7B861D132406B37D0027A956 /* ButtonUtteranceUITests */,
				7B861CED2406B37A0027A956 /* Products */,
			);
			sourceTree = "<group>";
		};
		7B861CED2406B37A0027A956 /* Products */ = {
			isa = PBXGroup;
			children = (
				7B861CEC2406B37A0027A956 /* ButtonUtterance.app */,
				7B861D052406B37D0027A956 /* ButtonUtteranceTests.xctest */,
				7B861D102406B37D0027A956 /* ButtonUtteranceUITests.xctest */,
			);
			name = Products;
			sourceTree = "<group>";
		};
		7B861CEE2406B37A0027A956 /* ButtonUtterance */ = {
			isa = PBXGroup;
			children = (
				7B861CEF2406B37A0027A956 /* AppDelegate.swift */,
				7B903D3F2407EC9B00B7D3BB /* AccessibilityViewController.swift */,
				7B903D412407FE0400B7D3BB /* AccessibilityButton.swift */,
				7B861D222406BFDF0027A956 /* TouchButton.swift */,
				7B903D392407B1B500B7D3BB /* Speech.swift */,
				7B861CF12406B37A0027A956 /* SceneDelegate.swift */,
				7B861CF32406B37A0027A956 /* ViewController.swift */,
				7B903D3D2407E4D600B7D3BB /* Extension.swift */,
				7B861CFB2406B37D0027A956 /* Assets.xcassets */,
				7B861CFD2406B37D0027A956 /* LaunchScreen.storyboard */,
				7B861D002406B37D0027A956 /* Info.plist */,
				7B861CF82406B37A0027A956 /* ButtonUtterance.xcdatamodeld */,
			);
			path = ButtonUtterance;
			sourceTree = "<group>";
		};
		7B861D082406B37D0027A956 /* ButtonUtteranceTests */ = {
			isa = PBXGroup;
			children = (
				7B861D092406B37D0027A956 /* ButtonUtteranceTests.swift */,
				7B861D0B2406B37D0027A956 /* Info.plist */,
			);
			path = ButtonUtteranceTests;
			sourceTree = "<group>";
		};
		7B861D132406B37D0027A956 /* ButtonUtteranceUITests */ = {
			isa = PBXGroup;
			children = (
				7B861D142406B37D0027A956 /* ButtonUtteranceUITests.swift */,
				7B861D162406B37D0027A956 /* Info.plist */,
			);
			path = ButtonUtteranceUITests;
			sourceTree = "<group>";
		};
/* End PBXGroup section */

/* Begin PBXNativeTarget section */
		7B861CEB2406B37A0027A956 /* ButtonUtterance */ = {
			isa = PBXNativeTarget;
			buildConfigurationList = 7B861D192406B37D0027A956 /* Build configuration list for PBXNativeTarget "ButtonUtterance" */;
			buildPhases = (
				7B861CE82406B37A0027A956 /* Sources */,
				7B861CE92406B37A0027A956 /* Frameworks */,
				7B861CEA2406B37A0027A956 /* Resources */,
			);
			buildRules = (
			);
			dependencies = (
			);
			name = ButtonUtterance;
			productName = ButtonUtterance;
			productReference = 7B861CEC2406B37A0027A956 /* ButtonUtterance.app */;
			productType = "com.apple.product-type.application";
		};
		7B861D042406B37D0027A956 /* ButtonUtteranceTests */ = {
			isa = PBXNativeTarget;
			buildConfigurationList = 7B861D1C2406B37D0027A956 /* Build configuration list for PBXNativeTarget "ButtonUtteranceTests" */;
			buildPhases = (
				7B861D012406B37D0027A956 /* Sources */,
				7B861D022406B37D0027A956 /* Frameworks */,
				7B861D032406B37D0027A956 /* Resources */,
			);
			buildRules = (
			);
			dependencies = (
				7B861D072406B37D0027A956 /* PBXTargetDependency */,
			);
			name = ButtonUtteranceTests;
			productName = ButtonUtteranceTests;
			productReference = 7B861D052406B37D0027A956 /* ButtonUtteranceTests.xctest */;
			productType = "com.apple.product-type.bundle.unit-test";
		};
		7B861D0F2406B37D0027A956 /* ButtonUtteranceUITests */ = {
			isa = PBXNativeTarget;
			buildConfigurationList = 7B861D1F2406B37D0027A956 /* Build configuration list for PBXNativeTarget "ButtonUtteranceUITests" */;
			buildPhases = (
				7B861D0C2406B37D0027A956 /* Sources */,
				7B861D0D2406B37D0027A956 /* Frameworks */,
				7B861D0E2406B37D0027A956 /* Resources */,
			);
			buildRules = (
			);
			dependencies = (
				7B861D122406B37D0027A956 /* PBXTargetDependency */,
			);
			name = ButtonUtteranceUITests;
			productName = ButtonUtteranceUITests;
			productReference = 7B861D102406B37D0027A956 /* ButtonUtteranceUITests.xctest */;
			productType = "com.apple.product-type.bundle.ui-testing";
		};
/* End PBXNativeTarget section */

/* Begin PBXProject section */
		7B861CE42406B37A0027A956 /* Project object */ = {
			isa = PBXProject;
			attributes = {
				LastSwiftUpdateCheck = 1130;
				LastUpgradeCheck = 1130;
				ORGANIZATIONNAME = "Daniel Hjärtström";
				TargetAttributes = {
					7B861CEB2406B37A0027A956 = {
						CreatedOnToolsVersion = 11.3.1;
					};
					7B861D042406B37D0027A956 = {
						CreatedOnToolsVersion = 11.3.1;
						TestTargetID = 7B861CEB2406B37A0027A956;
					};
					7B861D0F2406B37D0027A956 = {
						CreatedOnToolsVersion = 11.3.1;
						TestTargetID = 7B861CEB2406B37A0027A956;
					};
				};
			};
			buildConfigurationList = 7B861CE72406B37A0027A956 /* Build configuration list for PBXProject "ButtonUtterance" */;
			compatibilityVersion = "Xcode 9.3";
			developmentRegion = en;
			hasScannedForEncodings = 0;
			knownRegions = (
				en,
				Base,
			);
			mainGroup = 7B861CE32406B37A0027A956;
			productRefGroup = 7B861CED2406B37A0027A956 /* Products */;
			projectDirPath = "";
			projectRoot = "";
			targets = (
				7B861CEB2406B37A0027A956 /* ButtonUtterance */,
				7B861D042406B37D0027A956 /* ButtonUtteranceTests */,
				7B861D0F2406B37D0027A956 /* ButtonUtteranceUITests */,
			);
		};
/* End PBXProject section */

/* Begin PBXResourcesBuildPhase section */
		7B861CEA2406B37A0027A956 /* Resources */ = {
			isa = PBXResourcesBuildPhase;
			buildActionMask = 2147483647;
			files = (
				7B861CFF2406B37D0027A956 /* LaunchScreen.storyboard in Resources */,
				7B861CFC2406B37D0027A956 /* Assets.xcassets in Resources */,
			);
			runOnlyForDeploymentPostprocessing = 0;
		};
		7B861D032406B37D0027A956 /* Resources */ = {
			isa = PBXResourcesBuildPhase;
			buildActionMask = 2147483647;
			files = (
			);
			runOnlyForDeploymentPostprocessing = 0;
		};
		7B861D0E2406B37D0027A956 /* Resources */ = {
			isa = PBXResourcesBuildPhase;
			buildActionMask = 2147483647;
			files = (
			);
			runOnlyForDeploymentPostprocessing = 0;
		};
/* End PBXResourcesBuildPhase section */

/* Begin PBXSourcesBuildPhase section */
		7B861CE82406B37A0027A956 /* Sources */ = {
			isa = PBXSourcesBuildPhase;
			buildActionMask = 2147483647;
			files = (
				7B861CF42406B37A0027A956 /* ViewController.swift in Sources */,
				7B903D402407EC9B00B7D3BB /* AccessibilityViewController.swift in Sources */,
				7B861CF02406B37A0027A956 /* AppDelegate.swift in Sources */,
				7B903D422407FE0400B7D3BB /* AccessibilityButton.swift in Sources */,
				7B861D232406BFDF0027A956 /* TouchButton.swift in Sources */,
				7B903D3A2407B1B500B7D3BB /* Speech.swift in Sources */,
				7B861CF22406B37A0027A956 /* SceneDelegate.swift in Sources */,
				7B861CFA2406B37A0027A956 /* ButtonUtterance.xcdatamodeld in Sources */,
				7B903D3E2407E4D600B7D3BB /* Extension.swift in Sources */,
			);
			runOnlyForDeploymentPostprocessing = 0;
		};
		7B861D012406B37D0027A956 /* Sources */ = {
			isa = PBXSourcesBuildPhase;
			buildActionMask = 2147483647;
			files = (
				7B861D0A2406B37D0027A956 /* ButtonUtteranceTests.swift in Sources */,
			);
			runOnlyForDeploymentPostprocessing = 0;
		};
		7B861D0C2406B37D0027A956 /* Sources */ = {
			isa = PBXSourcesBuildPhase;
			buildActionMask = 2147483647;
			files = (
				7B861D152406B37D0027A956 /* ButtonUtteranceUITests.swift in Sources */,
			);
			runOnlyForDeploymentPostprocessing = 0;
		};
/* End PBXSourcesBuildPhase section */

/* Begin PBXTargetDependency section */
		7B861D072406B37D0027A956 /* PBXTargetDependency */ = {
			isa = PBXTargetDependency;
			target = 7B861CEB2406B37A0027A956 /* ButtonUtterance */;
			targetProxy = 7B861D062406B37D0027A956 /* PBXContainerItemProxy */;
		};
		7B861D122406B37D0027A956 /* PBXTargetDependency */ = {
			isa = PBXTargetDependency;
			target = 7B861CEB2406B37A0027A956 /* ButtonUtterance */;
			targetProxy = 7B861D112406B37D0027A956 /* PBXContainerItemProxy */;
		};
/* End PBXTargetDependency section */

/* Begin PBXVariantGroup section */
		7B861CFD2406B37D0027A956 /* LaunchScreen.storyboard */ = {
			isa = PBXVariantGroup;
			children = (
				7B861CFE2406B37D0027A956 /* Base */,
			);
			name = LaunchScreen.storyboard;
			sourceTree = "<group>";
		};
/* End PBXVariantGroup section */

/* Begin XCBuildConfiguration section */
		7B861D172406B37D0027A956 /* Debug */ = {
			isa = XCBuildConfiguration;
			buildSettings = {
				ALWAYS_SEARCH_USER_PATHS = NO;
				CLANG_ANALYZER_NONNULL = YES;
				CLANG_ANALYZER_NUMBER_OBJECT_CONVERSION = YES_AGGRESSIVE;
				CLANG_CXX_LANGUAGE_STANDARD = "gnu++14";
				CLANG_CXX_LIBRARY = "libc++";
				CLANG_ENABLE_MODULES = YES;
				CLANG_ENABLE_OBJC_ARC = YES;
				CLANG_ENABLE_OBJC_WEAK = YES;
				CLANG_WARN_BLOCK_CAPTURE_AUTORELEASING = YES;
				CLANG_WARN_BOOL_CONVERSION = YES;
				CLANG_WARN_COMMA = YES;
				CLANG_WARN_CONSTANT_CONVERSION = YES;
				CLANG_WARN_DEPRECATED_OBJC_IMPLEMENTATIONS = YES;
				CLANG_WARN_DIRECT_OBJC_ISA_USAGE = YES_ERROR;
				CLANG_WARN_DOCUMENTATION_COMMENTS = YES;
				CLANG_WARN_EMPTY_BODY = YES;
				CLANG_WARN_ENUM_CONVERSION = YES;
				CLANG_WARN_INFINITE_RECURSION = YES;
				CLANG_WARN_INT_CONVERSION = YES;
				CLANG_WARN_NON_LITERAL_NULL_CONVERSION = YES;
				CLANG_WARN_OBJC_IMPLICIT_RETAIN_SELF = YES;
				CLANG_WARN_OBJC_LITERAL_CONVERSION = YES;
				CLANG_WARN_OBJC_ROOT_CLASS = YES_ERROR;
				CLANG_WARN_RANGE_LOOP_ANALYSIS = YES;
				CLANG_WARN_STRICT_PROTOTYPES = YES;
				CLANG_WARN_SUSPICIOUS_MOVE = YES;
				CLANG_WARN_UNGUARDED_AVAILABILITY = YES_AGGRESSIVE;
				CLANG_WARN_UNREACHABLE_CODE = YES;
				CLANG_WARN__DUPLICATE_METHOD_MATCH = YES;
				COPY_PHASE_STRIP = NO;
				DEBUG_INFORMATION_FORMAT = dwarf;
				ENABLE_STRICT_OBJC_MSGSEND = YES;
				ENABLE_TESTABILITY = YES;
				GCC_C_LANGUAGE_STANDARD = gnu11;
				GCC_DYNAMIC_NO_PIC = NO;
				GCC_NO_COMMON_BLOCKS = YES;
				GCC_OPTIMIZATION_LEVEL = 0;
				GCC_PREPROCESSOR_DEFINITIONS = (
					"DEBUG=1",
					"$(inherited)",
				);
				GCC_WARN_64_TO_32_BIT_CONVERSION = YES;
				GCC_WARN_ABOUT_RETURN_TYPE = YES_ERROR;
				GCC_WARN_UNDECLARED_SELECTOR = YES;
				GCC_WARN_UNINITIALIZED_AUTOS = YES_AGGRESSIVE;
				GCC_WARN_UNUSED_FUNCTION = YES;
				GCC_WARN_UNUSED_VARIABLE = YES;
				IPHONEOS_DEPLOYMENT_TARGET = 13.2;
				MTL_ENABLE_DEBUG_INFO = INCLUDE_SOURCE;
				MTL_FAST_MATH = YES;
				ONLY_ACTIVE_ARCH = YES;
				SDKROOT = iphoneos;
				SWIFT_ACTIVE_COMPILATION_CONDITIONS = DEBUG;
				SWIFT_OPTIMIZATION_LEVEL = "-Onone";
			};
			name = Debug;
		};
		7B861D182406B37D0027A956 /* Release */ = {
			isa = XCBuildConfiguration;
			buildSettings = {
				ALWAYS_SEARCH_USER_PATHS = NO;
				CLANG_ANALYZER_NONNULL = YES;
				CLANG_ANALYZER_NUMBER_OBJECT_CONVERSION = YES_AGGRESSIVE;
				CLANG_CXX_LANGUAGE_STANDARD = "gnu++14";
				CLANG_CXX_LIBRARY = "libc++";
				CLANG_ENABLE_MODULES = YES;
				CLANG_ENABLE_OBJC_ARC = YES;
				CLANG_ENABLE_OBJC_WEAK = YES;
				CLANG_WARN_BLOCK_CAPTURE_AUTORELEASING = YES;
				CLANG_WARN_BOOL_CONVERSION = YES;
				CLANG_WARN_COMMA = YES;
				CLANG_WARN_CONSTANT_CONVERSION = YES;
				CLANG_WARN_DEPRECATED_OBJC_IMPLEMENTATIONS = YES;
				CLANG_WARN_DIRECT_OBJC_ISA_USAGE = YES_ERROR;
				CLANG_WARN_DOCUMENTATION_COMMENTS = YES;
				CLANG_WARN_EMPTY_BODY = YES;
				CLANG_WARN_ENUM_CONVERSION = YES;
				CLANG_WARN_INFINITE_RECURSION = YES;
				CLANG_WARN_INT_CONVERSION = YES;
				CLANG_WARN_NON_LITERAL_NULL_CONVERSION = YES;
				CLANG_WARN_OBJC_IMPLICIT_RETAIN_SELF = YES;
				CLANG_WARN_OBJC_LITERAL_CONVERSION = YES;
				CLANG_WARN_OBJC_ROOT_CLASS = YES_ERROR;
				CLANG_WARN_RANGE_LOOP_ANALYSIS = YES;
				CLANG_WARN_STRICT_PROTOTYPES = YES;
				CLANG_WARN_SUSPICIOUS_MOVE = YES;
				CLANG_WARN_UNGUARDED_AVAILABILITY = YES_AGGRESSIVE;
				CLANG_WARN_UNREACHABLE_CODE = YES;
				CLANG_WARN__DUPLICATE_METHOD_MATCH = YES;
				COPY_PHASE_STRIP = NO;
				DEBUG_INFORMATION_FORMAT = "dwarf-with-dsym";
				ENABLE_NS_ASSERTIONS = NO;
				ENABLE_STRICT_OBJC_MSGSEND = YES;
				GCC_C_LANGUAGE_STANDARD = gnu11;
				GCC_NO_COMMON_BLOCKS = YES;
				GCC_WARN_64_TO_32_BIT_CONVERSION = YES;
				GCC_WARN_ABOUT_RETURN_TYPE = YES_ERROR;
				GCC_WARN_UNDECLARED_SELECTOR = YES;
				GCC_WARN_UNINITIALIZED_AUTOS = YES_AGGRESSIVE;
				GCC_WARN_UNUSED_FUNCTION = YES;
				GCC_WARN_UNUSED_VARIABLE = YES;
				IPHONEOS_DEPLOYMENT_TARGET = 13.2;
				MTL_ENABLE_DEBUG_INFO = NO;
				MTL_FAST_MATH = YES;
				SDKROOT = iphoneos;
				SWIFT_COMPILATION_MODE = wholemodule;
				SWIFT_OPTIMIZATION_LEVEL = "-O";
				VALIDATE_PRODUCT = YES;
			};
			name = Release;
		};
		7B861D1A2406B37D0027A956 /* Debug */ = {
			isa = XCBuildConfiguration;
			buildSettings = {
				ASSETCATALOG_COMPILER_APPICON_NAME = AppIcon;
				CODE_SIGN_STYLE = Automatic;
				DEVELOPMENT_TEAM = 6ZL797GF7H;
				INFOPLIST_FILE = ButtonUtterance/Info.plist;
				LD_RUNPATH_SEARCH_PATHS = (
					"$(inherited)",
					"@executable_path/Frameworks",
				);
				PRODUCT_BUNDLE_IDENTIFIER = com.daniel.hjartstrom.ButtonUtterance;
				PRODUCT_NAME = "$(TARGET_NAME)";
				SWIFT_VERSION = 5.0;
				TARGETED_DEVICE_FAMILY = "1,2";
			};
			name = Debug;
		};
		7B861D1B2406B37D0027A956 /* Release */ = {
			isa = XCBuildConfiguration;
			buildSettings = {
				ASSETCATALOG_COMPILER_APPICON_NAME = AppIcon;
				CODE_SIGN_STYLE = Automatic;
				DEVELOPMENT_TEAM = 6ZL797GF7H;
				INFOPLIST_FILE = ButtonUtterance/Info.plist;
				LD_RUNPATH_SEARCH_PATHS = (
					"$(inherited)",
					"@executable_path/Frameworks",
				);
				PRODUCT_BUNDLE_IDENTIFIER = com.daniel.hjartstrom.ButtonUtterance;
				PRODUCT_NAME = "$(TARGET_NAME)";
				SWIFT_VERSION = 5.0;
				TARGETED_DEVICE_FAMILY = "1,2";
			};
			name = Release;
		};
		7B861D1D2406B37D0027A956 /* Debug */ = {
			isa = XCBuildConfiguration;
			buildSettings = {
				ALWAYS_EMBED_SWIFT_STANDARD_LIBRARIES = YES;
				BUNDLE_LOADER = "$(TEST_HOST)";
				CODE_SIGN_STYLE = Automatic;
				DEVELOPMENT_TEAM = 6ZL797GF7H;
				INFOPLIST_FILE = ButtonUtteranceTests/Info.plist;
				IPHONEOS_DEPLOYMENT_TARGET = 13.2;
				LD_RUNPATH_SEARCH_PATHS = (
					"$(inherited)",
					"@executable_path/Frameworks",
					"@loader_path/Frameworks",
				);
				PRODUCT_BUNDLE_IDENTIFIER = com.daniel.hjartstrom.ButtonUtteranceTests;
				PRODUCT_NAME = "$(TARGET_NAME)";
				SWIFT_VERSION = 5.0;
				TARGETED_DEVICE_FAMILY = "1,2";
				TEST_HOST = "$(BUILT_PRODUCTS_DIR)/ButtonUtterance.app/ButtonUtterance";
			};
			name = Debug;
		};
		7B861D1E2406B37D0027A956 /* Release */ = {
			isa = XCBuildConfiguration;
			buildSettings = {
				ALWAYS_EMBED_SWIFT_STANDARD_LIBRARIES = YES;
				BUNDLE_LOADER = "$(TEST_HOST)";
				CODE_SIGN_STYLE = Automatic;
				DEVELOPMENT_TEAM = 6ZL797GF7H;
				INFOPLIST_FILE = ButtonUtteranceTests/Info.plist;
				IPHONEOS_DEPLOYMENT_TARGET = 13.2;
				LD_RUNPATH_SEARCH_PATHS = (
					"$(inherited)",
					"@executable_path/Frameworks",
					"@loader_path/Frameworks",
				);
				PRODUCT_BUNDLE_IDENTIFIER = com.daniel.hjartstrom.ButtonUtteranceTests;
				PRODUCT_NAME = "$(TARGET_NAME)";
				SWIFT_VERSION = 5.0;
				TARGETED_DEVICE_FAMILY = "1,2";
				TEST_HOST = "$(BUILT_PRODUCTS_DIR)/ButtonUtterance.app/ButtonUtterance";
			};
			name = Release;
		};
		7B861D202406B37D0027A956 /* Debug */ = {
			isa = XCBuildConfiguration;
			buildSettings = {
				ALWAYS_EMBED_SWIFT_STANDARD_LIBRARIES = YES;
				CODE_SIGN_STYLE = Automatic;
				DEVELOPMENT_TEAM = 6ZL797GF7H;
				INFOPLIST_FILE = ButtonUtteranceUITests/Info.plist;
				LD_RUNPATH_SEARCH_PATHS = (
					"$(inherited)",
					"@executable_path/Frameworks",
					"@loader_path/Frameworks",
				);
				PRODUCT_BUNDLE_IDENTIFIER = com.daniel.hjartstrom.ButtonUtteranceUITests;
				PRODUCT_NAME = "$(TARGET_NAME)";
				SWIFT_VERSION = 5.0;
				TARGETED_DEVICE_FAMILY = "1,2";
				TEST_TARGET_NAME = ButtonUtterance;
			};
			name = Debug;
		};
		7B861D212406B37D0027A956 /* Release */ = {
			isa = XCBuildConfiguration;
			buildSettings = {
				ALWAYS_EMBED_SWIFT_STANDARD_LIBRARIES = YES;
				CODE_SIGN_STYLE = Automatic;
				DEVELOPMENT_TEAM = 6ZL797GF7H;
				INFOPLIST_FILE = ButtonUtteranceUITests/Info.plist;
				LD_RUNPATH_SEARCH_PATHS = (
					"$(inherited)",
					"@executable_path/Frameworks",
					"@loader_path/Frameworks",
				);
				PRODUCT_BUNDLE_IDENTIFIER = com.daniel.hjartstrom.ButtonUtteranceUITests;
				PRODUCT_NAME = "$(TARGET_NAME)";
				SWIFT_VERSION = 5.0;
				TARGETED_DEVICE_FAMILY = "1,2";
				TEST_TARGET_NAME = ButtonUtterance;
			};
			name = Release;
		};
/* End XCBuildConfiguration section */

/* Begin XCConfigurationList section */
		7B861CE72406B37A0027A956 /* Build configuration list for PBXProject "ButtonUtterance" */ = {
			isa = XCConfigurationList;
			buildConfigurations = (
				7B861D172406B37D0027A956 /* Debug */,
				7B861D182406B37D0027A956 /* Release */,
			);
			defaultConfigurationIsVisible = 0;
			defaultConfigurationName = Release;
		};
		7B861D192406B37D0027A956 /* Build configuration list for PBXNativeTarget "ButtonUtterance" */ = {
			isa = XCConfigurationList;
			buildConfigurations = (
				7B861D1A2406B37D0027A956 /* Debug */,
				7B861D1B2406B37D0027A956 /* Release */,
			);
			defaultConfigurationIsVisible = 0;
			defaultConfigurationName = Release;
		};
		7B861D1C2406B37D0027A956 /* Build configuration list for PBXNativeTarget "ButtonUtteranceTests" */ = {
			isa = XCConfigurationList;
			buildConfigurations = (
				7B861D1D2406B37D0027A956 /* Debug */,
				7B861D1E2406B37D0027A956 /* Release */,
			);
			defaultConfigurationIsVisible = 0;
			defaultConfigurationName = Release;
		};
		7B861D1F2406B37D0027A956 /* Build configuration list for PBXNativeTarget "ButtonUtteranceUITests" */ = {
			isa = XCConfigurationList;
			buildConfigurations = (
				7B861D202406B37D0027A956 /* Debug */,
				7B861D212406B37D0027A956 /* Release */,
			);
			defaultConfigurationIsVisible = 0;
			defaultConfigurationName = Release;
		};
/* End XCConfigurationList section */

/* Begin XCVersionGroup section */
		7B861CF82406B37A0027A956 /* ButtonUtterance.xcdatamodeld */ = {
			isa = XCVersionGroup;
			children = (
				7B861CF92406B37A0027A956 /* ButtonUtterance.xcdatamodel */,
			);
			currentVersion = 7B861CF92406B37A0027A956 /* ButtonUtterance.xcdatamodel */;
			path = ButtonUtterance.xcdatamodeld;
			sourceTree = "<group>";
			versionGroupType = wrapper.xcdatamodel;
		};
/* End XCVersionGroup section */
	};
	rootObject = 7B861CE42406B37A0027A956 /* Project object */;
}
